
Microsoft Visual Studio Solution File, Format Version 12.00
# Visual Studio Version 17
VisualStudioVersion = 17.3.32929.385
MinimumVisualStudioVersion = 10.0.40219.1
Project("{8BC9CEB8-8B4A-11D0-8D11-00A0C91BC942}") = "VExDebugger", "VExDebugger\VExDebugger.vcxproj", "{3F1EF5EE-383A-4C40-8AA2-2DD09262B65C}"
EndProject
Project("{2150E333-8FDC-42A3-9474-1A3956D46DE8}") = "samples", "samples", "{6DC008D0-9C8A-4753-A0D5-8083CF9BF0AD}"
EndProject
Project("{8BC9CEB8-8B4A-11D0-8D11-00A0C91BC942}") = "ImVExDebugger", "samples\ImVExDebugger\ImVExDebugger.vcxproj", "{4A1FB5EA-22F5-42A8-AB92-1D2DF5D47FB9}"
EndProject
Project("{8BC9CEB8-8B4A-11D0-8D11-00A0C91BC942}") = "NoInterfaceModule", "samples\NoInterfaceModule\NoInterfaceModule.vcxproj", "{6A4E114C-F2CE-46C4-B86E-4440986F9E97}"
EndProject
Project("{2150E333-8FDC-42A3-9474-1A3956D46DE8}") = "tests", "tests", "{042C6FEA-E001-4073-85A4-0FE83379652E}"
EndProject
Project("{8BC9CEB8-8B4A-11D0-8D11-00A0C91BC942}") = "tests", "samples\tests\tests.vcxproj", "{3DF43CF3-0D71-4CC2-BDD4-24A5E6DBFAA5}"
EndProject
Project("{8BC9CEB8-8B4A-11D0-8D11-00A0C91BC942}") = "dotNetForms", "samples\dotNetForms\dotNetForms.vcxproj", "{FA2810B0-800A-49C5-8497-89FD708C3A8E}"
EndProject
Project("{8BC9CEB8-8B4A-11D0-8D11-00A0C91BC942}") = "DevelopingTests", "samples\DevelopingTests\DevelopingTests.vcxproj", "{F93AD26C-26D6-40AD-A581-29AC3278E31E}"
EndProject
Project("{8BC9CEB8-8B4A-11D0-8D11-00A0C91BC942}") = "tracer", "samples\tracer\tracer.vcxproj", "{C4485E21-FE55-4A12-A205-A6F5B99421CC}"
EndProject
Global
	GlobalSection(SolutionConfigurationPlatforms) = preSolution
		Debug|x64 = Debug|x64
		Debug|x86 = Debug|x86
		DebugMD|x64 = DebugMD|x64
		DebugMD|x86 = DebugMD|x86
		Release|x64 = Release|x64
		Release|x86 = Release|x86
		ReleaseMD|x64 = ReleaseMD|x64
		ReleaseMD|x86 = ReleaseMD|x86
	EndGlobalSection
	GlobalSection(ProjectConfigurationPlatforms) = postSolution
		{3F1EF5EE-383A-4C40-8AA2-2DD09262B65C}.Debug|x64.ActiveCfg = Debug|x64
		{3F1EF5EE-383A-4C40-8AA2-2DD09262B65C}.Debug|x64.Build.0 = Debug|x64
		{3F1EF5EE-383A-4C40-8AA2-2DD09262B65C}.Debug|x86.ActiveCfg = Debug|Win32
		{3F1EF5EE-383A-4C40-8AA2-2DD09262B65C}.Debug|x86.Build.0 = Debug|Win32
		{3F1EF5EE-383A-4C40-8AA2-2DD09262B65C}.DebugMD|x64.ActiveCfg = DebugMD|x64
		{3F1EF5EE-383A-4C40-8AA2-2DD09262B65C}.DebugMD|x64.Build.0 = DebugMD|x64
		{3F1EF5EE-383A-4C40-8AA2-2DD09262B65C}.DebugMD|x86.ActiveCfg = DebugMD|Win32
		{3F1EF5EE-383A-4C40-8AA2-2DD09262B65C}.DebugMD|x86.Build.0 = DebugMD|Win32
		{3F1EF5EE-383A-4C40-8AA2-2DD09262B65C}.Release|x64.ActiveCfg = Release|x64
		{3F1EF5EE-383A-4C40-8AA2-2DD09262B65C}.Release|x64.Build.0 = Release|x64
		{3F1EF5EE-383A-4C40-8AA2-2DD09262B65C}.Release|x86.ActiveCfg = Release|Win32
		{3F1EF5EE-383A-4C40-8AA2-2DD09262B65C}.Release|x86.Build.0 = Release|Win32
		{3F1EF5EE-383A-4C40-8AA2-2DD09262B65C}.ReleaseMD|x64.ActiveCfg = ReleaseMD|x64
		{3F1EF5EE-383A-4C40-8AA2-2DD09262B65C}.ReleaseMD|x64.Build.0 = ReleaseMD|x64
		{3F1EF5EE-383A-4C40-8AA2-2DD09262B65C}.ReleaseMD|x86.ActiveCfg = ReleaseMD|Win32
		{3F1EF5EE-383A-4C40-8AA2-2DD09262B65C}.ReleaseMD|x86.Build.0 = ReleaseMD|Win32
		{4A1FB5EA-22F5-42A8-AB92-1D2DF5D47FB9}.Debug|x64.ActiveCfg = Debug|x64
		{4A1FB5EA-22F5-42A8-AB92-1D2DF5D47FB9}.Debug|x64.Build.0 = Debug|x64
		{4A1FB5EA-22F5-42A8-AB92-1D2DF5D47FB9}.Debug|x86.ActiveCfg = Debug|Win32
		{4A1FB5EA-22F5-42A8-AB92-1D2DF5D47FB9}.Debug|x86.Build.0 = Debug|Win32
		{4A1FB5EA-22F5-42A8-AB92-1D2DF5D47FB9}.DebugMD|x64.ActiveCfg = Debug|x64
		{4A1FB5EA-22F5-42A8-AB92-1D2DF5D47FB9}.DebugMD|x86.ActiveCfg = Debug|Win32
		{4A1FB5EA-22F5-42A8-AB92-1D2DF5D47FB9}.Release|x64.ActiveCfg = Release|x64
		{4A1FB5EA-22F5-42A8-AB92-1D2DF5D47FB9}.Release|x64.Build.0 = Release|x64
		{4A1FB5EA-22F5-42A8-AB92-1D2DF5D47FB9}.Release|x86.ActiveCfg = Release|Win32
		{4A1FB5EA-22F5-42A8-AB92-1D2DF5D47FB9}.Release|x86.Build.0 = Release|Win32
		{4A1FB5EA-22F5-42A8-AB92-1D2DF5D47FB9}.ReleaseMD|x64.ActiveCfg = Release|x64
		{4A1FB5EA-22F5-42A8-AB92-1D2DF5D47FB9}.ReleaseMD|x64.Build.0 = Release|x64
		{4A1FB5EA-22F5-42A8-AB92-1D2DF5D47FB9}.ReleaseMD|x86.ActiveCfg = Release|Win32
		{4A1FB5EA-22F5-42A8-AB92-1D2DF5D47FB9}.ReleaseMD|x86.Build.0 = Release|Win32
		{6A4E114C-F2CE-46C4-B86E-4440986F9E97}.Debug|x64.ActiveCfg = Debug|x64
		{6A4E114C-F2CE-46C4-B86E-4440986F9E97}.Debug|x64.Build.0 = Debug|x64
		{6A4E114C-F2CE-46C4-B86E-4440986F9E97}.Debug|x86.ActiveCfg = Debug|Win32
		{6A4E114C-F2CE-46C4-B86E-4440986F9E97}.Debug|x86.Build.0 = Debug|Win32
		{6A4E114C-F2CE-46C4-B86E-4440986F9E97}.DebugMD|x64.ActiveCfg = Debug|x64
		{6A4E114C-F2CE-46C4-B86E-4440986F9E97}.DebugMD|x86.ActiveCfg = Debug|Win32
		{6A4E114C-F2CE-46C4-B86E-4440986F9E97}.Release|x64.ActiveCfg = Release|x64
		{6A4E114C-F2CE-46C4-B86E-4440986F9E97}.Release|x64.Build.0 = Release|x64
		{6A4E114C-F2CE-46C4-B86E-4440986F9E97}.Release|x86.ActiveCfg = Release|Win32
		{6A4E114C-F2CE-46C4-B86E-4440986F9E97}.Release|x86.Build.0 = Release|Win32
		{6A4E114C-F2CE-46C4-B86E-4440986F9E97}.ReleaseMD|x64.ActiveCfg = Release|x64
		{6A4E114C-F2CE-46C4-B86E-4440986F9E97}.ReleaseMD|x64.Build.0 = Release|x64
		{6A4E114C-F2CE-46C4-B86E-4440986F9E97}.ReleaseMD|x86.ActiveCfg = Release|Win32
		{6A4E114C-F2CE-46C4-B86E-4440986F9E97}.ReleaseMD|x86.Build.0 = Release|Win32
		{3DF43CF3-0D71-4CC2-BDD4-24A5E6DBFAA5}.Debug|x64.ActiveCfg = Debug|x64
		{3DF43CF3-0D71-4CC2-BDD4-24A5E6DBFAA5}.Debug|x64.Build.0 = Debug|x64
		{3DF43CF3-0D71-4CC2-BDD4-24A5E6DBFAA5}.Debug|x86.ActiveCfg = Debug|Win32
		{3DF43CF3-0D71-4CC2-BDD4-24A5E6DBFAA5}.Debug|x86.Build.0 = Debug|Win32
		{3DF43CF3-0D71-4CC2-BDD4-24A5E6DBFAA5}.DebugMD|x64.ActiveCfg = DebugMD|x64
		{3DF43CF3-0D71-4CC2-BDD4-24A5E6DBFAA5}.DebugMD|x64.Build.0 = DebugMD|x64
		{3DF43CF3-0D71-4CC2-BDD4-24A5E6DBFAA5}.DebugMD|x86.ActiveCfg = DebugMD|Win32
		{3DF43CF3-0D71-4CC2-BDD4-24A5E6DBFAA5}.DebugMD|x86.Build.0 = DebugMD|Win32
		{3DF43CF3-0D71-4CC2-BDD4-24A5E6DBFAA5}.Release|x64.ActiveCfg = Release|x64
		{3DF43CF3-0D71-4CC2-BDD4-24A5E6DBFAA5}.Release|x64.Build.0 = Release|x64
		{3DF43CF3-0D71-4CC2-BDD4-24A5E6DBFAA5}.Release|x86.ActiveCfg = Release|Win32
		{3DF43CF3-0D71-4CC2-BDD4-24A5E6DBFAA5}.Release|x86.Build.0 = Release|Win32
		{3DF43CF3-0D71-4CC2-BDD4-24A5E6DBFAA5}.ReleaseMD|x64.ActiveCfg = Release|x64
		{3DF43CF3-0D71-4CC2-BDD4-24A5E6DBFAA5}.ReleaseMD|x64.Build.0 = Release|x64
		{3DF43CF3-0D71-4CC2-BDD4-24A5E6DBFAA5}.ReleaseMD|x86.ActiveCfg = Release|Win32
		{3DF43CF3-0D71-4CC2-BDD4-24A5E6DBFAA5}.ReleaseMD|x86.Build.0 = Release|Win32
		{FA2810B0-800A-49C5-8497-89FD708C3A8E}.Debug|x64.ActiveCfg = Debug|x64
		{FA2810B0-800A-49C5-8497-89FD708C3A8E}.Debug|x64.Build.0 = Debug|x64
		{FA2810B0-800A-49C5-8497-89FD708C3A8E}.Debug|x86.ActiveCfg = Debug|Win32
		{FA2810B0-800A-49C5-8497-89FD708C3A8E}.Debug|x86.Build.0 = Debug|Win32
		{FA2810B0-800A-49C5-8497-89FD708C3A8E}.DebugMD|x64.ActiveCfg = Debug|x64
		{FA2810B0-800A-49C5-8497-89FD708C3A8E}.DebugMD|x86.ActiveCfg = Debug|Win32
		{FA2810B0-800A-49C5-8497-89FD708C3A8E}.Release|x64.ActiveCfg = Release|x64
		{FA2810B0-800A-49C5-8497-89FD708C3A8E}.Release|x64.Build.0 = Release|x64
		{FA2810B0-800A-49C5-8497-89FD708C3A8E}.Release|x86.ActiveCfg = Release|Win32
		{FA2810B0-800A-49C5-8497-89FD708C3A8E}.Release|x86.Build.0 = Release|Win32
		{FA2810B0-800A-49C5-8497-89FD708C3A8E}.ReleaseMD|x64.ActiveCfg = Release|x64
		{FA2810B0-800A-49C5-8497-89FD708C3A8E}.ReleaseMD|x64.Build.0 = Release|x64
		{FA2810B0-800A-49C5-8497-89FD708C3A8E}.ReleaseMD|x86.ActiveCfg = Release|Win32
		{FA2810B0-800A-49C5-8497-89FD708C3A8E}.ReleaseMD|x86.Build.0 = Release|Win32
		{F93AD26C-26D6-40AD-A581-29AC3278E31E}.Debug|x64.ActiveCfg = Debug|x64
		{F93AD26C-26D6-40AD-A581-29AC3278E31E}.Debug|x64.Build.0 = Debug|x64
		{F93AD26C-26D6-40AD-A581-29AC3278E31E}.Debug|x86.ActiveCfg = Debug|Win32
		{F93AD26C-26D6-40AD-A581-29AC3278E31E}.Debug|x86.Build.0 = Debug|Win32
		{F93AD26C-26D6-40AD-A581-29AC3278E31E}.DebugMD|x64.ActiveCfg = Debug|x64
		{F93AD26C-26D6-40AD-A581-29AC3278E31E}.DebugMD|x64.Build.0 = Debug|x64
		{F93AD26C-26D6-40AD-A581-29AC3278E31E}.DebugMD|x86.ActiveCfg = Debug|Win32
		{F93AD26C-26D6-40AD-A581-29AC3278E31E}.DebugMD|x86.Build.0 = Debug|Win32
		{F93AD26C-26D6-40AD-A581-29AC3278E31E}.Release|x64.ActiveCfg = Release|x64
		{F93AD26C-26D6-40AD-A581-29AC3278E31E}.Release|x64.Build.0 = Release|x64
		{F93AD26C-26D6-40AD-A581-29AC3278E31E}.Release|x86.ActiveCfg = Release|Win32
		{F93AD26C-26D6-40AD-A581-29AC3278E31E}.Release|x86.Build.0 = Release|Win32
		{F93AD26C-26D6-40AD-A581-29AC3278E31E}.ReleaseMD|x64.ActiveCfg = Release|x64
		{F93AD26C-26D6-40AD-A581-29AC3278E31E}.ReleaseMD|x64.Build.0 = Release|x64
		{F93AD26C-26D6-40AD-A581-29AC3278E31E}.ReleaseMD|x86.ActiveCfg = Release|Win32
		{F93AD26C-26D6-40AD-A581-29AC3278E31E}.ReleaseMD|x86.Build.0 = Release|Win32
		{C4485E21-FE55-4A12-A205-A6F5B99421CC}.Debug|x64.ActiveCfg = Debug|x64
		{C4485E21-FE55-4A12-A205-A6F5B99421CC}.Debug|x64.Build.0 = Debug|x64
		{C4485E21-FE55-4A12-A205-A6F5B99421CC}.Debug|x86.ActiveCfg = Debug|Win32
		{C4485E21-FE55-4A12-A205-A6F5B99421CC}.Debug|x86.Build.0 = Debug|Win32
		{C4485E21-FE55-4A12-A205-A6F5B99421CC}.DebugMD|x64.ActiveCfg = Debug|x64
		{C4485E21-FE55-4A12-A205-A6F5B99421CC}.DebugMD|x64.Build.0 = Debug|x64
		{C4485E21-FE55-4A12-A205-A6F5B99421CC}.DebugMD|x86.ActiveCfg = Debug|Win32
		{C4485E21-FE55-4A12-A205-A6F5B99421CC}.DebugMD|x86.Build.0 = Debug|Win32
		{C4485E21-FE55-4A12-A205-A6F5B99421CC}.Release|x64.ActiveCfg = Release|x64
		{C4485E21-FE55-4A12-A205-A6F5B99421CC}.Release|x64.Build.0 = Release|x64
		{C4485E21-FE55-4A12-A205-A6F5B99421CC}.Release|x86.ActiveCfg = Release|Win32
		{C4485E21-FE55-4A12-A205-A6F5B99421CC}.Release|x86.Build.0 = Release|Win32
		{C4485E21-FE55-4A12-A205-A6F5B99421CC}.ReleaseMD|x64.ActiveCfg = Release|x64
		{C4485E21-FE55-4A12-A205-A6F5B99421CC}.ReleaseMD|x64.Build.0 = Release|x64
		{C4485E21-FE55-4A12-A205-A6F5B99421CC}.ReleaseMD|x86.ActiveCfg = Release|Win32
		{C4485E21-FE55-4A12-A205-A6F5B99421CC}.ReleaseMD|x86.Build.0 = Release|Win32
	EndGlobalSection
	GlobalSection(SolutionProperties) = preSolution
		HideSolutionNode = FALSE
	EndGlobalSection
	GlobalSection(NestedProjects) = preSolution
		{4A1FB5EA-22F5-42A8-AB92-1D2DF5D47FB9} = {6DC008D0-9C8A-4753-A0D5-8083CF9BF0AD}
		{6A4E114C-F2CE-46C4-B86E-4440986F9E97} = {6DC008D0-9C8A-4753-A0D5-8083CF9BF0AD}
		{3DF43CF3-0D71-4CC2-BDD4-24A5E6DBFAA5} = {042C6FEA-E001-4073-85A4-0FE83379652E}
		{FA2810B0-800A-49C5-8497-89FD708C3A8E} = {6DC008D0-9C8A-4753-A0D5-8083CF9BF0AD}
		{F93AD26C-26D6-40AD-A581-29AC3278E31E} = {042C6FEA-E001-4073-85A4-0FE83379652E}
		{C4485E21-FE55-4A12-A205-A6F5B99421CC} = {6DC008D0-9C8A-4753-A0D5-8083CF9BF0AD}
	EndGlobalSection
	GlobalSection(ExtensibilityGlobals) = postSolution
		SolutionGuid = {79BC462D-7ED0-428F-8974-3F02B62836F5}
	EndGlobalSection
EndGlobal
