<?xml version="1.0" encoding="utf-8"?>
<Project ToolsVersion="4.0" xmlns="http://schemas.microsoft.com/developer/msbuild/2003">
  <ItemGroup>
    <Filter Include="VExDebugger">
      <UniqueIdentifier>{280d33bd-45f5-4288-9af2-082aaa324d50}</UniqueIdentifier>
    </Filter>
    <Filter Include="Headers">
      <UniqueIdentifier>{93995380-89BD-4b04-88EB-625FBE52EBFB}</UniqueIdentifier>
      <Extensions>h;hh;hpp;hxx;hm;inl;inc;ipp;xsd</Extensions>
    </Filter>
    <Filter Include="VExDebugger\HwBkp">
      <UniqueIdentifier>{4400b40b-7faf-4852-8339-315f52f158f8}</UniqueIdentifier>
    </Filter>
    <Filter Include="VExDebugger\HwBkp\Threads">
      <UniqueIdentifier>{a011e293-65c9-4d85-8b1e-6c8e506fa488}</UniqueIdentifier>
    </Filter>
    <Filter Include="VExDebugger\Config">
      <UniqueIdentifier>{5b7f3c64-61f1-4990-b1b3-b788fa719a27}</UniqueIdentifier>
    </Filter>
    <Filter Include="VExDebugger\Tools">
      <UniqueIdentifier>{994b3284-0107-46ba-b63e-48e550ea151f}</UniqueIdentifier>
    </Filter>
    <Filter Include="VExDebugger\Veh">
      <UniqueIdentifier>{0b69ead5-57b3-4367-a48c-f9dd06823f32}</UniqueIdentifier>
    </Filter>
    <Filter Include="VExDebugger\SpoofDbg">
      <UniqueIdentifier>{89bfa756-f3a2-44d1-a0b5-ccd947ba86ce}</UniqueIdentifier>
    </Filter>
    <Filter Include="VExDebugger\PGEBkp">
      <UniqueIdentifier>{ee69a4c4-16ac-4a64-abf2-d36471528ea8}</UniqueIdentifier>
    </Filter>
  </ItemGroup>
  <ItemGroup>
    <ClInclude Include="..\import\include\VExDebugger.h">
      <Filter>VExDebugger</Filter>
    </ClInclude>
    <ClInclude Include="veh\VEH.h">
      <Filter>VExDebugger\Veh</Filter>
    </ClInclude>
    <ClInclude Include="veh\Structs.hpp">
      <Filter>VExDebugger\Veh</Filter>
    </ClInclude>
    <ClInclude Include="Tools\Logs.h">
      <Filter>VExDebugger\Tools</Filter>
    </ClInclude>
    <ClInclude Include="Tools\ntos.h">
      <Filter>VExDebugger\Tools</Filter>
    </ClInclude>
    <ClInclude Include="Tools\WinWrap.h">
      <Filter>VExDebugger\Tools</Filter>
    </ClInclude>
    <ClInclude Include="HwBkp\Threads\ManagerThreads.h">
      <Filter>VExDebugger\HwBkp\Threads</Filter>
    </ClInclude>
    <ClInclude Include="HwBkp\HwBkp.h">
      <Filter>VExDebugger\HwBkp</Filter>
    </ClInclude>
    <ClInclude Include="Config\Config.h">
      <Filter>VExDebugger\Config</Filter>
    </ClInclude>
    <ClInclude Include="Headers\Header.h">
      <Filter>Headers</Filter>
    </ClInclude>
    <ClInclude Include="Headers\LogsException.hpp">
      <Filter>Headers</Filter>
    </ClInclude>
    <ClInclude Include="Headers\VExInternal.h">
      <Filter>Headers</Filter>
    </ClInclude>
    <ClInclude Include="HwBkp\HwBkpHandler.h">
      <Filter>VExDebugger\HwBkp</Filter>
    </ClInclude>
    <ClInclude Include="SpoofDbg\SpoofDbg.h">
      <Filter>VExDebugger\SpoofDbg</Filter>
    </ClInclude>
    <ClInclude Include="SpoofDbg\DoHook.h">
      <Filter>VExDebugger\SpoofDbg</Filter>
    </ClInclude>
    <ClInclude Include="Tools\Utils.h">
      <Filter>VExDebugger\Tools</Filter>
    </ClInclude>
    <ClInclude Include="PGEBkp\PGEHandler.h">
      <Filter>VExDebugger\PGEBkp</Filter>
    </ClInclude>
    <ClInclude Include="PGEBkp\PGE.hpp">
      <Filter>VExDebugger\PGEBkp</Filter>
    </ClInclude>
    <ClInclude Include="PGEBkp\PGETracer.h">
      <Filter>VExDebugger\PGEBkp</Filter>
    </ClInclude>
    <ClInclude Include="PGEBkp\PGEMgr.h">
      <Filter>VExDebugger\PGEBkp</Filter>
    </ClInclude>
    <ClInclude Include="HwBkp\HwBkpMgr.h">
      <Filter>VExDebugger\HwBkp</Filter>
    </ClInclude>
  </ItemGroup>
  <ItemGroup>
    <ClCompile Include="VExDebugger.cpp">
      <Filter>VExDebugger</Filter>
    </ClCompile>
    <ClCompile Include="veh\VEH.cpp">
      <Filter>VExDebugger\Veh</Filter>
    </ClCompile>
    <ClCompile Include="Tools\Logs.cpp">
      <Filter>VExDebugger\Tools</Filter>
    </ClCompile>
    <ClCompile Include="Tools\WinWrap.cpp">
      <Filter>VExDebugger\Tools</Filter>
    </ClCompile>
    <ClCompile Include="HwBkp\Threads\ManagerThreads.cpp">
      <Filter>VExDebugger\HwBkp\Threads</Filter>
    </ClCompile>
    <ClCompile Include="HwBkp\HwBkp.cpp">
      <Filter>VExDebugger\HwBkp</Filter>
    </ClCompile>
    <ClCompile Include="Config\Config.cpp">
      <Filter>VExDebugger\Config</Filter>
    </ClCompile>
    <ClCompile Include="HwBkp\HwBkpHandler.cpp">
      <Filter>VExDebugger\HwBkp</Filter>
    </ClCompile>
    <ClCompile Include="SpoofDbg\SpoofDbg.cpp">
      <Filter>VExDebugger\SpoofDbg</Filter>
    </ClCompile>
    <ClCompile Include="SpoofDbg\DoHook.cpp">
      <Filter>VExDebugger\SpoofDbg</Filter>
    </ClCompile>
    <ClCompile Include="Tools\Utils.cpp">
      <Filter>VExDebugger\Tools</Filter>
    </ClCompile>
    <ClCompile Include="PGEBkp\PGEHandler.cpp">
      <Filter>VExDebugger\PGEBkp</Filter>
    </ClCompile>
    <ClCompile Include="PGEBkp\PGETracer.cpp">
      <Filter>VExDebugger\PGEBkp</Filter>
    </ClCompile>
    <ClCompile Include="PGEBkp\PGEMgr.cpp">
      <Filter>VExDebugger\PGEBkp</Filter>
    </ClCompile>
    <ClCompile Include="HwBkp\HwBkpMgr.cpp">
      <Filter>VExDebugger\HwBkp</Filter>
    </ClCompile>
  </ItemGroup>
  <ItemGroup>
    <MASM Include="veh\vex64.asm">
      <Filter>VExDebugger\Veh</Filter>
    </MASM>
    <MASM Include="Tools\syscallx64.asm">
      <Filter>VExDebugger\Tools</Filter>
    </MASM>
  </ItemGroup>
</Project>